
Microsoft Visual Studio Solution File, Format Version 12.00
Project("{FAE04EC0-301F-11D3-BF4B-00C04F79EFBC}") = "BulletInBoardServer", "BulletInBoardServer\BulletInBoardServer.csproj", "{325CD36C-7D6F-4E49-8595-CEF853598E24}"
EndProject
Project("{FAE04EC0-301F-11D3-BF4B-00C04F79EFBC}") = "BulletInBoardServer.Test", "..\..\test\BulletInBoardServer.Test\BulletInBoardServer.Test\BulletInBoardServer.Test.csproj", "{B47ED8F0-AF67-481A-ABC1-C3F3777BB65A}"
EndProject
Project("{04F245E1-4852-43BC-9D50-F16E57562E36}") = "docker-compose", "docker-compose.dcproj", "{922DA6D8-77E0-4572-A22A-C7490CEEDF86}"
EndProject
Global
	GlobalSection(SolutionConfigurationPlatforms) = preSolution
		Debug|Any CPU = Debug|Any CPU
		Release|Any CPU = Release|Any CPU
	EndGlobalSection
	GlobalSection(ProjectConfigurationPlatforms) = postSolution
		{325CD36C-7D6F-4E49-8595-CEF853598E24}.Debug|Any CPU.ActiveCfg = Debug|Any CPU
		{325CD36C-7D6F-4E49-8595-CEF853598E24}.Debug|Any CPU.Build.0 = Debug|Any CPU
		{325CD36C-7D6F-4E49-8595-CEF853598E24}.Release|Any CPU.ActiveCfg = Release|Any CPU
		{325CD36C-7D6F-4E49-8595-CEF853598E24}.Release|Any CPU.Build.0 = Release|Any CPU
		{B47ED8F0-AF67-481A-ABC1-C3F3777BB65A}.Debug|Any CPU.ActiveCfg = Debug|Any CPU
		{B47ED8F0-AF67-481A-ABC1-C3F3777BB65A}.Debug|Any CPU.Build.0 = Debug|Any CPU
		{B47ED8F0-AF67-481A-ABC1-C3F3777BB65A}.Release|Any CPU.ActiveCfg = Release|Any CPU
		{B47ED8F0-AF67-481A-ABC1-C3F3777BB65A}.Release|Any CPU.Build.0 = Release|Any CPU
        {922DA6D8-77E0-4572-A22A-C7490CEEDF86}.Debug|Any CPU.ActiveCfg = Debug|Any CPU
        {922DA6D8-77E0-4572-A22A-C7490CEEDF86}.Debug|Any CPU.Build.0 = Debug|Any CPU
        {922DA6D8-77E0-4572-A22A-C7490CEEDF86}.Release|Any CPU.ActiveCfg = Debug|Any CPU
        {922DA6D8-77E0-4572-A22A-C7490CEEDF86}.Release|Any CPU.Build.0 = Debug|Any CPU
	EndGlobalSection
EndGlobal
